
Microsoft Visual Studio Solution File, Format Version 12.00
# Visual Studio 15
Project("{FAE04EC0-301F-11D3-BF4B-00C04F79EFBC}") = "Assembly-CSharp", "Assembly-CSharp.csproj", "{BFFD0A68-E0D6-9B1B-1335-2EFA7C5DC5A6}"
EndProject
Project("{FAE04EC0-301F-11D3-BF4B-00C04F79EFBC}") = "Assembly-CSharp-firstpass", "Assembly-CSharp-firstpass.csproj", "{E876DE08-6138-C943-A4EF-0D97614BCE83}"
EndProject
Project("{FAE04EC0-301F-11D3-BF4B-00C04F79EFBC}") = "Assembly-CSharp-Editor-firstpass", "Assembly-CSharp-Editor-firstpass.csproj", "{960B0894-932D-6134-1D42-0CF9FBCA6308}"
EndProject
Global
	GlobalSection(SolutionConfigurationPlatforms) = preSolution
		Debug|Any CPU = Debug|Any CPU
		Release|Any CPU = Release|Any CPU
	EndGlobalSection
	GlobalSection(ProjectConfigurationPlatforms) = postSolution
		{BFFD0A68-E0D6-9B1B-1335-2EFA7C5DC5A6}.Debug|Any CPU.ActiveCfg = Debug|Any CPU
		{BFFD0A68-E0D6-9B1B-1335-2EFA7C5DC5A6}.Debug|Any CPU.Build.0 = Debug|Any CPU
		{BFFD0A68-E0D6-9B1B-1335-2EFA7C5DC5A6}.Release|Any CPU.ActiveCfg = Release|Any CPU
		{BFFD0A68-E0D6-9B1B-1335-2EFA7C5DC5A6}.Release|Any CPU.Build.0 = Release|Any CPU
		{E876DE08-6138-C943-A4EF-0D97614BCE83}.Debug|Any CPU.ActiveCfg = Debug|Any CPU
		{E876DE08-6138-C943-A4EF-0D97614BCE83}.Debug|Any CPU.Build.0 = Debug|Any CPU
		{E876DE08-6138-C943-A4EF-0D97614BCE83}.Release|Any CPU.ActiveCfg = Release|Any CPU
		{E876DE08-6138-C943-A4EF-0D97614BCE83}.Release|Any CPU.Build.0 = Release|Any CPU
		{960B0894-932D-6134-1D42-0CF9FBCA6308}.Debug|Any CPU.ActiveCfg = Debug|Any CPU
		{960B0894-932D-6134-1D42-0CF9FBCA6308}.Debug|Any CPU.Build.0 = Debug|Any CPU
		{960B0894-932D-6134-1D42-0CF9FBCA6308}.Release|Any CPU.ActiveCfg = Release|Any CPU
		{960B0894-932D-6134-1D42-0CF9FBCA6308}.Release|Any CPU.Build.0 = Release|Any CPU
	EndGlobalSection
	GlobalSection(SolutionProperties) = preSolution
		HideSolutionNode = FALSE
	EndGlobalSection
EndGlobal
